
Microsoft Visual Studio Solution File, Format Version 12.00
# Visual Studio Version 17
VisualStudioVersion = 17.8.34511.84
MinimumVisualStudioVersion = 10.0.40219.1
Project("{9A19103F-16F7-4668-BE54-9A1E7A4F7556}") = "DNSTools", "DNSTools\DNSTools.csproj", "{E57F9BE7-5106-42A6-A819-5284CB359F59}"
EndProject
Project("{9A19103F-16F7-4668-BE54-9A1E7A4F7556}") = "DNSApp.UI", "DNSApp.UI\DNSApp.UI.csproj", "{044B5501-F42A-4DAC-AE5B-AEB1FF678211}"
EndProject
Global
	GlobalSection(SolutionConfigurationPlatforms) = preSolution
		Debug|Any CPU = Debug|Any CPU
		Release|Any CPU = Release|Any CPU
	EndGlobalSection
	GlobalSection(ProjectConfigurationPlatforms) = postSolution
		{E57F9BE7-5106-42A6-A819-5284CB359F59}.Debug|Any CPU.ActiveCfg = Debug|Any CPU
		{E57F9BE7-5106-42A6-A819-5284CB359F59}.Debug|Any CPU.Build.0 = Debug|Any CPU
		{E57F9BE7-5106-42A6-A819-5284CB359F59}.Release|Any CPU.ActiveCfg = Release|Any CPU
		{E57F9BE7-5106-42A6-A819-5284CB359F59}.Release|Any CPU.Build.0 = Release|Any CPU
		{044B5501-F42A-4DAC-AE5B-AEB1FF678211}.Debug|Any CPU.ActiveCfg = Debug|Any CPU
		{044B5501-F42A-4DAC-AE5B-AEB1FF678211}.Debug|Any CPU.Build.0 = Debug|Any CPU
		{044B5501-F42A-4DAC-AE5B-AEB1FF678211}.Release|Any CPU.ActiveCfg = Release|Any CPU
		{044B5501-F42A-4DAC-AE5B-AEB1FF678211}.Release|Any CPU.Build.0 = Release|Any CPU
	EndGlobalSection
	GlobalSection(SolutionProperties) = preSolution
		HideSolutionNode = FALSE
	EndGlobalSection
	GlobalSection(ExtensibilityGlobals) = postSolution
		SolutionGuid = {01DDFE7D-597C-40A0-A635-B45B82368FD1}
	EndGlobalSection
EndGlobal
